
Microsoft Visual Studio Solution File, Format Version 12.00
# Visual Studio 15
VisualStudioVersion = 15.0.27130.2036
MinimumVisualStudioVersion = 10.0.40219.1
Project("{FAE04EC0-301F-11D3-BF4B-00C04F79EFBC}") = "PeakAndPlate", "PeakAndPlate\PeakAndPlate.csproj", "{77411339-DC2D-47BA-8DF3-437FC15CC44E}"
EndProject
Project("{FAE04EC0-301F-11D3-BF4B-00C04F79EFBC}") = "PeakAndPlate.Tests", "PeakAndPlate.Tests\PeakAndPlate.Tests.csproj", "{BDB8164F-7A3D-402C-9C21-F0D574D36037}"
EndProject
Global
	GlobalSection(SolutionConfigurationPlatforms) = preSolution
		Debug|Any CPU = Debug|Any CPU
		Release|Any CPU = Release|Any CPU
	EndGlobalSection
	GlobalSection(ProjectConfigurationPlatforms) = postSolution
		{77411339-DC2D-47BA-8DF3-437FC15CC44E}.Debug|Any CPU.ActiveCfg = Debug|Any CPU
		{77411339-DC2D-47BA-8DF3-437FC15CC44E}.Debug|Any CPU.Build.0 = Debug|Any CPU
		{77411339-DC2D-47BA-8DF3-437FC15CC44E}.Release|Any CPU.ActiveCfg = Release|Any CPU
		{77411339-DC2D-47BA-8DF3-437FC15CC44E}.Release|Any CPU.Build.0 = Release|Any CPU
		{BDB8164F-7A3D-402C-9C21-F0D574D36037}.Debug|Any CPU.ActiveCfg = Debug|Any CPU
		{BDB8164F-7A3D-402C-9C21-F0D574D36037}.Debug|Any CPU.Build.0 = Debug|Any CPU
		{BDB8164F-7A3D-402C-9C21-F0D574D36037}.Release|Any CPU.ActiveCfg = Release|Any CPU
		{BDB8164F-7A3D-402C-9C21-F0D574D36037}.Release|Any CPU.Build.0 = Release|Any CPU
	EndGlobalSection
	GlobalSection(SolutionProperties) = preSolution
		HideSolutionNode = FALSE
	EndGlobalSection
	GlobalSection(ExtensibilityGlobals) = postSolution
		SolutionGuid = {B3E56009-F8E8-4216-9FA4-F03D5AE4DE09}
	EndGlobalSection
EndGlobal
